// !$*UTF8*$!
{
	archiveVersion = 1;
	classes = {
	};
	objectVersion = 46;
	objects = {

/* Begin PBXBuildFile section */
		0449538F1CC879DF00B1CFFE /* main.m in Sources */ = {isa = PBXBuildFile; fileRef = 0449538E1CC879DF00B1CFFE /* main.m */; };
		044953971CC87BE200B1CFFE /* DictionaryParser.m in Sources */ = {isa = PBXBuildFile; fileRef = 044953961CC87BE200B1CFFE /* DictionaryParser.m */; };
		0449539A1CC87C8700B1CFFE /* DictionaryItem.m in Sources */ = {isa = PBXBuildFile; fileRef = 044953991CC87C8700B1CFFE /* DictionaryItem.m */; };
/* End PBXBuildFile section */

/* Begin PBXCopyFilesBuildPhase section */
		044953891CC879DF00B1CFFE /* CopyFiles */ = {
			isa = PBXCopyFilesBuildPhase;
			buildActionMask = 2147483647;
			dstPath = /usr/share/man/man1/;
			dstSubfolderSpec = 0;
			files = (
			);
			runOnlyForDeploymentPostprocessing = 1;
		};
/* End PBXCopyFilesBuildPhase section */

/* Begin PBXFileReference section */
		0449538B1CC879DF00B1CFFE /* dictionary */ = {isa = PBXFileReference; explicitFileType = "compiled.mach-o.executable"; includeInIndex = 0; path = dictionary; sourceTree = BUILT_PRODUCTS_DIR; };
		0449538E1CC879DF00B1CFFE /* main.m */ = {isa = PBXFileReference; lastKnownFileType = sourcecode.c.objc; path = main.m; sourceTree = "<group>"; };
		044953951CC87BE200B1CFFE /* DictionaryParser.h */ = {isa = PBXFileReference; fileEncoding = 4; lastKnownFileType = sourcecode.c.h; path = DictionaryParser.h; sourceTree = "<group>"; };
		044953961CC87BE200B1CFFE /* DictionaryParser.m */ = {isa = PBXFileReference; fileEncoding = 4; lastKnownFileType = sourcecode.c.objc; path = DictionaryParser.m; sourceTree = "<group>"; };
		044953981CC87C8700B1CFFE /* DictionaryItem.h */ = {isa = PBXFileReference; fileEncoding = 4; lastKnownFileType = sourcecode.c.h; path = DictionaryItem.h; sourceTree = "<group>"; };
		044953991CC87C8700B1CFFE /* DictionaryItem.m */ = {isa = PBXFileReference; fileEncoding = 4; lastKnownFileType = sourcecode.c.objc; path = DictionaryItem.m; sourceTree = "<group>"; };
/* End PBXFileReference section */

/* Begin PBXFrameworksBuildPhase section */
		044953881CC879DF00B1CFFE /* Frameworks */ = {
			isa = PBXFrameworksBuildPhase;
			buildActionMask = 2147483647;
			files = (
			);
			runOnlyForDeploymentPostprocessing = 0;
		};
/* End PBXFrameworksBuildPhase section */

/* Begin PBXGroup section */
		044953821CC879DF00B1CFFE = {
			isa = PBXGroup;
			children = (
				0449538D1CC879DF00B1CFFE /* dictionary */,
				0449538C1CC879DF00B1CFFE /* Products */,
			);
			sourceTree = "<group>";
		};
		0449538C1CC879DF00B1CFFE /* Products */ = {
			isa = PBXGroup;
			children = (
				0449538B1CC879DF00B1CFFE /* dictionary */,
			);
			name = Products;
			sourceTree = "<group>";
		};
		0449538D1CC879DF00B1CFFE /* dictionary */ = {
			isa = PBXGroup;
			children = (
				0449538E1CC879DF00B1CFFE /* main.m */,
				044953981CC87C8700B1CFFE /* DictionaryItem.h */,
				044953991CC87C8700B1CFFE /* DictionaryItem.m */,
				044953951CC87BE200B1CFFE /* DictionaryParser.h */,
				044953961CC87BE200B1CFFE /* DictionaryParser.m */,
			);
			path = dictionary;
			sourceTree = "<group>";
		};
/* End PBXGroup section */

/* Begin PBXNativeTarget section */
		0449538A1CC879DF00B1CFFE /* dictionary */ = {
			isa = PBXNativeTarget;
			buildConfigurationList = 044953921CC879DF00B1CFFE /* Build configuration list for PBXNativeTarget "dictionary" */;
			buildPhases = (
				044953871CC879DF00B1CFFE /* Sources */,
				044953881CC879DF00B1CFFE /* Frameworks */,
				044953891CC879DF00B1CFFE /* CopyFiles */,
			);
			buildRules = (
			);
			dependencies = (
			);
			name = dictionary;
			productName = dictionary;
			productReference = 0449538B1CC879DF00B1CFFE /* dictionary */;
			productType = "com.apple.product-type.tool";
		};
/* End PBXNativeTarget section */

/* Begin PBXProject section */
		044953831CC879DF00B1CFFE /* Project object */ = {
			isa = PBXProject;
			attributes = {
				LastUpgradeCheck = 0720;
				ORGANIZATIONNAME = mac;
				TargetAttributes = {
					0449538A1CC879DF00B1CFFE = {
						CreatedOnToolsVersion = 7.2;
					};
				};
			};
			buildConfigurationList = 044953861CC879DF00B1CFFE /* Build configuration list for PBXProject "dictionary" */;
			compatibilityVersion = "Xcode 3.2";
			developmentRegion = English;
			hasScannedForEncodings = 0;
			knownRegions = (
				en,
			);
			mainGroup = 044953821CC879DF00B1CFFE;
			productRefGroup = 0449538C1CC879DF00B1CFFE /* Products */;
			projectDirPath = "";
			projectRoot = "";
			targets = (
				0449538A1CC879DF00B1CFFE /* dictionary */,
			);
		};
/* End PBXProject section */

/* Begin PBXSourcesBuildPhase section */
		044953871CC879DF00B1CFFE /* Sources */ = {
			isa = PBXSourcesBuildPhase;
			buildActionMask = 2147483647;
			files = (
				0449539A1CC87C8700B1CFFE /* DictionaryItem.m in Sources */,
				044953971CC87BE200B1CFFE /* DictionaryParser.m in Sources */,
				0449538F1CC879DF00B1CFFE /* main.m in Sources */,
			);
			runOnlyForDeploymentPostprocessing = 0;
		};
/* End PBXSourcesBuildPhase section */

/* Begin XCBuildConfiguration section */
		044953901CC879DF00B1CFFE /* Debug */ = {
			isa = XCBuildConfiguration;
			buildSettings = {
				ALWAYS_SEARCH_USER_PATHS = NO;
				CLANG_CXX_LANGUAGE_STANDARD = "gnu++0x";
				CLANG_CXX_LIBRARY = "libc++";
				CLANG_ENABLE_MODULES = YES;
				CLANG_ENABLE_OBJC_ARC = YES;
				CLANG_WARN_BOOL_CONVERSION = YES;
				CLANG_WARN_CONSTANT_CONVERSION = YES;
				CLANG_WARN_DIRECT_OBJC_ISA_USAGE = YES_ERROR;
				CLANG_WARN_EMPTY_BODY = YES;
				CLANG_WARN_ENUM_CONVERSION = YES;
				CLANG_WARN_INT_CONVERSION = YES;
				CLANG_WARN_OBJC_ROOT_CLASS = YES_ERROR;
				CLANG_WARN_UNREACHABLE_CODE = YES;
				CLANG_WARN__DUPLICATE_METHOD_MATCH = YES;
				CODE_SIGN_IDENTITY = "-";
				COPY_PHASE_STRIP = NO;
				DEBUG_INFORMATION_FORMAT = dwarf;
				ENABLE_STRICT_OBJC_MSGSEND = YES;
				ENABLE_TESTABILITY = YES;
				GCC_C_LANGUAGE_STANDARD = gnu99;
				GCC_DYNAMIC_NO_PIC = NO;
				GCC_NO_COMMON_BLOCKS = YES;
				GCC_OPTIMIZATION_LEVEL = 0;
				GCC_PREPROCESSOR_DEFINITIONS = (
					"DEBUG=1",
					"$(inherited)",
				);
				GCC_WARN_64_TO_32_BIT_CONVERSION = YES;
				GCC_WARN_ABOUT_RETURN_TYPE = YES_ERROR;
				GCC_WARN_UNDECLARED_SELECTOR = YES;
				GCC_WARN_UNINITIALIZED_AUTOS = YES_AGGRESSIVE;
				GCC_WARN_UNUSED_FUNCTION = YES;
				GCC_WARN_UNUSED_VARIABLE = YES;
				MACOSX_DEPLOYMENT_TARGET = 10.10;
				MTL_ENABLE_DEBUG_INFO = YES;
				ONLY_ACTIVE_ARCH = YES;
				SDKROOT = macosx;
			};
			name = Debug;
		};
		044953911CC879DF00B1CFFE /* Release */ = {
			isa = XCBuildConfiguration;
			buildSettings = {
				ALWAYS_SEARCH_USER_PATHS = NO;
				CLANG_CXX_LANGUAGE_STANDARD = "gnu++0x";
				CLANG_CXX_LIBRARY = "libc++";
				CLANG_ENABLE_MODULES = YES;
				CLANG_ENABLE_OBJC_ARC = YES;
				CLANG_WARN_BOOL_CONVERSION = YES;
				CLANG_WARN_CONSTANT_CONVERSION = YES;
				CLANG_WARN_DIRECT_OBJC_ISA_USAGE = YES_ERROR;
				CLANG_WARN_EMPTY_BODY = YES;
				CLANG_WARN_ENUM_CONVERSION = YES;
				CLANG_WARN_INT_CONVERSION = YES;
				CLANG_WARN_OBJC_ROOT_CLASS = YES_ERROR;
				CLANG_WARN_UNREACHABLE_CODE = YES;
				CLANG_WARN__DUPLICATE_METHOD_MATCH = YES;
				CODE_SIGN_IDENTITY = "-";
				COPY_PHASE_STRIP = NO;
				DEBUG_INFORMATION_FORMAT = "dwarf-with-dsym";
				ENABLE_NS_ASSERTIONS = NO;
				ENABLE_STRICT_OBJC_MSGSEND = YES;
				GCC_C_LANGUAGE_STANDARD = gnu99;
				GCC_NO_COMMON_BLOCKS = YES;
				GCC_WARN_64_TO_32_BIT_CONVERSION = YES;
				GCC_WARN_ABOUT_RETURN_TYPE = YES_ERROR;
				GCC_WARN_UNDECLARED_SELECTOR = YES;
				GCC_WARN_UNINITIALIZED_AUTOS = YES_AGGRESSIVE;
				GCC_WARN_UNUSED_FUNCTION = YES;
				GCC_WARN_UNUSED_VARIABLE = YES;
				MACOSX_DEPLOYMENT_TARGET = 10.10;
				MTL_ENABLE_DEBUG_INFO = NO;
				SDKROOT = macosx;
			};
			name = Release;
		};
		044953931CC879DF00B1CFFE /* Debug */ = {
			isa = XCBuildConfiguration;
			buildSettings = {
				PRODUCT_NAME = "$(TARGET_NAME)";
			};
			name = Debug;
		};
		044953941CC879DF00B1CFFE /* Release */ = {
			isa = XCBuildConfiguration;
			buildSettings = {
				PRODUCT_NAME = "$(TARGET_NAME)";
			};
			name = Release;
		};
/* End XCBuildConfiguration section */

/* Begin XCConfigurationList section */
		044953861CC879DF00B1CFFE /* Build configuration list for PBXProject "dictionary" */ = {
			isa = XCConfigurationList;
			buildConfigurations = (
				044953901CC879DF00B1CFFE /* Debug */,
				044953911CC879DF00B1CFFE /* Release */,
			);
			defaultConfigurationIsVisible = 0;
			defaultConfigurationName = Release;
		};
		044953921CC879DF00B1CFFE /* Build configuration list for PBXNativeTarget "dictionary" */ = {
			isa = XCConfigurationList;
			buildConfigurations = (
				044953931CC879DF00B1CFFE /* Debug */,
				044953941CC879DF00B1CFFE /* Release */,
			);
			defaultConfigurationIsVisible = 0;
		};
/* End XCConfigurationList section */
	};
	rootObject = 044953831CC879DF00B1CFFE /* Project object */;
}
