// !$*UTF8*$!
{
	archiveVersion = 1;
	classes = {
	};
	objectVersion = 46;
	objects = {

/* Begin PBXBuildFile section */
		04413D921CC5B8370042C15A /* main.m in Sources */ = {isa = PBXBuildFile; fileRef = 04413D911CC5B8370042C15A /* main.m */; };
		04413D9A1CC5B8480042C15A /* LXDString.m in Sources */ = {isa = PBXBuildFile; fileRef = 04413D991CC5B8480042C15A /* LXDString.m */; };
/* End PBXBuildFile section */

/* Begin PBXCopyFilesBuildPhase section */
		04413D8C1CC5B8370042C15A /* CopyFiles */ = {
			isa = PBXCopyFilesBuildPhase;
			buildActionMask = 2147483647;
			dstPath = /usr/share/man/man1/;
			dstSubfolderSpec = 0;
			files = (
			);
			runOnlyForDeploymentPostprocessing = 1;
		};
/* End PBXCopyFilesBuildPhase section */

/* Begin PBXFileReference section */
		04413D8E1CC5B8370042C15A /* NSString Implementation */ = {isa = PBXFileReference; explicitFileType = "compiled.mach-o.executable"; includeInIndex = 0; path = "NSString Implementation"; sourceTree = BUILT_PRODUCTS_DIR; };
		04413D911CC5B8370042C15A /* main.m */ = {isa = PBXFileReference; lastKnownFileType = sourcecode.c.objc; path = main.m; sourceTree = "<group>"; };
		04413D981CC5B8480042C15A /* LXDString.h */ = {isa = PBXFileReference; fileEncoding = 4; lastKnownFileType = sourcecode.c.h; path = LXDString.h; sourceTree = "<group>"; };
		04413D991CC5B8480042C15A /* LXDString.m */ = {isa = PBXFileReference; fileEncoding = 4; lastKnownFileType = sourcecode.c.objc; path = LXDString.m; sourceTree = "<group>"; };
/* End PBXFileReference section */

/* Begin PBXFrameworksBuildPhase section */
		04413D8B1CC5B8370042C15A /* Frameworks */ = {
			isa = PBXFrameworksBuildPhase;
			buildActionMask = 2147483647;
			files = (
			);
			runOnlyForDeploymentPostprocessing = 0;
		};
/* End PBXFrameworksBuildPhase section */

/* Begin PBXGroup section */
		04413D851CC5B8370042C15A = {
			isa = PBXGroup;
			children = (
				04413D901CC5B8370042C15A /* NSString Implementation */,
				04413D8F1CC5B8370042C15A /* Products */,
			);
			sourceTree = "<group>";
		};
		04413D8F1CC5B8370042C15A /* Products */ = {
			isa = PBXGroup;
			children = (
				04413D8E1CC5B8370042C15A /* NSString Implementation */,
			);
			name = Products;
			sourceTree = "<group>";
		};
		04413D901CC5B8370042C15A /* NSString Implementation */ = {
			isa = PBXGroup;
			children = (
				04413D911CC5B8370042C15A /* main.m */,
				04413D981CC5B8480042C15A /* LXDString.h */,
				04413D991CC5B8480042C15A /* LXDString.m */,
			);
			path = "NSString Implementation";
			sourceTree = "<group>";
		};
/* End PBXGroup section */

/* Begin PBXNativeTarget section */
		04413D8D1CC5B8370042C15A /* NSString Implementation */ = {
			isa = PBXNativeTarget;
			buildConfigurationList = 04413D951CC5B8370042C15A /* Build configuration list for PBXNativeTarget "NSString Implementation" */;
			buildPhases = (
				04413D8A1CC5B8370042C15A /* Sources */,
				04413D8B1CC5B8370042C15A /* Frameworks */,
				04413D8C1CC5B8370042C15A /* CopyFiles */,
			);
			buildRules = (
			);
			dependencies = (
			);
			name = "NSString Implementation";
			productName = "NSString Implementation";
			productReference = 04413D8E1CC5B8370042C15A /* NSString Implementation */;
			productType = "com.apple.product-type.tool";
		};
/* End PBXNativeTarget section */

/* Begin PBXProject section */
		04413D861CC5B8370042C15A /* Project object */ = {
			isa = PBXProject;
			attributes = {
				LastUpgradeCheck = 0720;
				ORGANIZATIONNAME = mac;
				TargetAttributes = {
					04413D8D1CC5B8370042C15A = {
						CreatedOnToolsVersion = 7.2;
					};
				};
			};
			buildConfigurationList = 04413D891CC5B8370042C15A /* Build configuration list for PBXProject "NSString Implementation" */;
			compatibilityVersion = "Xcode 3.2";
			developmentRegion = English;
			hasScannedForEncodings = 0;
			knownRegions = (
				en,
			);
			mainGroup = 04413D851CC5B8370042C15A;
			productRefGroup = 04413D8F1CC5B8370042C15A /* Products */;
			projectDirPath = "";
			projectRoot = "";
			targets = (
				04413D8D1CC5B8370042C15A /* NSString Implementation */,
			);
		};
/* End PBXProject section */

/* Begin PBXSourcesBuildPhase section */
		04413D8A1CC5B8370042C15A /* Sources */ = {
			isa = PBXSourcesBuildPhase;
			buildActionMask = 2147483647;
			files = (
				04413D921CC5B8370042C15A /* main.m in Sources */,
				04413D9A1CC5B8480042C15A /* LXDString.m in Sources */,
			);
			runOnlyForDeploymentPostprocessing = 0;
		};
/* End PBXSourcesBuildPhase section */

/* Begin XCBuildConfiguration section */
		04413D931CC5B8370042C15A /* Debug */ = {
			isa = XCBuildConfiguration;
			buildSettings = {
				ALWAYS_SEARCH_USER_PATHS = NO;
				CLANG_CXX_LANGUAGE_STANDARD = "gnu++0x";
				CLANG_CXX_LIBRARY = "libc++";
				CLANG_ENABLE_MODULES = YES;
				CLANG_ENABLE_OBJC_ARC = YES;
				CLANG_WARN_BOOL_CONVERSION = YES;
				CLANG_WARN_CONSTANT_CONVERSION = YES;
				CLANG_WARN_DIRECT_OBJC_ISA_USAGE = YES_ERROR;
				CLANG_WARN_EMPTY_BODY = YES;
				CLANG_WARN_ENUM_CONVERSION = YES;
				CLANG_WARN_INT_CONVERSION = YES;
				CLANG_WARN_OBJC_ROOT_CLASS = YES_ERROR;
				CLANG_WARN_UNREACHABLE_CODE = YES;
				CLANG_WARN__DUPLICATE_METHOD_MATCH = YES;
				CODE_SIGN_IDENTITY = "-";
				COPY_PHASE_STRIP = NO;
				DEBUG_INFORMATION_FORMAT = dwarf;
				ENABLE_STRICT_OBJC_MSGSEND = YES;
				ENABLE_TESTABILITY = YES;
				GCC_C_LANGUAGE_STANDARD = gnu99;
				GCC_DYNAMIC_NO_PIC = NO;
				GCC_NO_COMMON_BLOCKS = YES;
				GCC_OPTIMIZATION_LEVEL = 0;
				GCC_PREPROCESSOR_DEFINITIONS = (
					"DEBUG=1",
					"$(inherited)",
				);
				GCC_WARN_64_TO_32_BIT_CONVERSION = YES;
				GCC_WARN_ABOUT_RETURN_TYPE = YES_ERROR;
				GCC_WARN_UNDECLARED_SELECTOR = YES;
				GCC_WARN_UNINITIALIZED_AUTOS = YES_AGGRESSIVE;
				GCC_WARN_UNUSED_FUNCTION = YES;
				GCC_WARN_UNUSED_VARIABLE = YES;
				MACOSX_DEPLOYMENT_TARGET = 10.10;
				MTL_ENABLE_DEBUG_INFO = YES;
				ONLY_ACTIVE_ARCH = YES;
				SDKROOT = macosx;
			};
			name = Debug;
		};
		04413D941CC5B8370042C15A /* Release */ = {
			isa = XCBuildConfiguration;
			buildSettings = {
				ALWAYS_SEARCH_USER_PATHS = NO;
				CLANG_CXX_LANGUAGE_STANDARD = "gnu++0x";
				CLANG_CXX_LIBRARY = "libc++";
				CLANG_ENABLE_MODULES = YES;
				CLANG_ENABLE_OBJC_ARC = YES;
				CLANG_WARN_BOOL_CONVERSION = YES;
				CLANG_WARN_CONSTANT_CONVERSION = YES;
				CLANG_WARN_DIRECT_OBJC_ISA_USAGE = YES_ERROR;
				CLANG_WARN_EMPTY_BODY = YES;
				CLANG_WARN_ENUM_CONVERSION = YES;
				CLANG_WARN_INT_CONVERSION = YES;
				CLANG_WARN_OBJC_ROOT_CLASS = YES_ERROR;
				CLANG_WARN_UNREACHABLE_CODE = YES;
				CLANG_WARN__DUPLICATE_METHOD_MATCH = YES;
				CODE_SIGN_IDENTITY = "-";
				COPY_PHASE_STRIP = NO;
				DEBUG_INFORMATION_FORMAT = "dwarf-with-dsym";
				ENABLE_NS_ASSERTIONS = NO;
				ENABLE_STRICT_OBJC_MSGSEND = YES;
				GCC_C_LANGUAGE_STANDARD = gnu99;
				GCC_NO_COMMON_BLOCKS = YES;
				GCC_WARN_64_TO_32_BIT_CONVERSION = YES;
				GCC_WARN_ABOUT_RETURN_TYPE = YES_ERROR;
				GCC_WARN_UNDECLARED_SELECTOR = YES;
				GCC_WARN_UNINITIALIZED_AUTOS = YES_AGGRESSIVE;
				GCC_WARN_UNUSED_FUNCTION = YES;
				GCC_WARN_UNUSED_VARIABLE = YES;
				MACOSX_DEPLOYMENT_TARGET = 10.10;
				MTL_ENABLE_DEBUG_INFO = NO;
				SDKROOT = macosx;
			};
			name = Release;
		};
		04413D961CC5B8370042C15A /* Debug */ = {
			isa = XCBuildConfiguration;
			buildSettings = {
				PRODUCT_NAME = "$(TARGET_NAME)";
			};
			name = Debug;
		};
		04413D971CC5B8370042C15A /* Release */ = {
			isa = XCBuildConfiguration;
			buildSettings = {
				PRODUCT_NAME = "$(TARGET_NAME)";
			};
			name = Release;
		};
/* End XCBuildConfiguration section */

/* Begin XCConfigurationList section */
		04413D891CC5B8370042C15A /* Build configuration list for PBXProject "NSString Implementation" */ = {
			isa = XCConfigurationList;
			buildConfigurations = (
				04413D931CC5B8370042C15A /* Debug */,
				04413D941CC5B8370042C15A /* Release */,
			);
			defaultConfigurationIsVisible = 0;
			defaultConfigurationName = Release;
		};
		04413D951CC5B8370042C15A /* Build configuration list for PBXNativeTarget "NSString Implementation" */ = {
			isa = XCConfigurationList;
			buildConfigurations = (
				04413D961CC5B8370042C15A /* Debug */,
				04413D971CC5B8370042C15A /* Release */,
			);
			defaultConfigurationIsVisible = 0;
		};
/* End XCConfigurationList section */
	};
	rootObject = 04413D861CC5B8370042C15A /* Project object */;
}
