// !$*UTF8*$!
{
	archiveVersion = 1;
	classes = {
	};
	objectVersion = 46;
	objects = {

/* Begin PBXBuildFile section */
		043DD9661CC76DD300AA504B /* main.m in Sources */ = {isa = PBXBuildFile; fileRef = 043DD9651CC76DD300AA504B /* main.m */; };
		043DD96E1CC76EE500AA504B /* LXDDog.m in Sources */ = {isa = PBXBuildFile; fileRef = 043DD96D1CC76EE500AA504B /* LXDDog.m */; };
		043DD9711CC7785300AA504B /* LXDStudent.m in Sources */ = {isa = PBXBuildFile; fileRef = 043DD9701CC7785300AA504B /* LXDStudent.m */; };
/* End PBXBuildFile section */

/* Begin PBXCopyFilesBuildPhase section */
		043DD9601CC76DD300AA504B /* CopyFiles */ = {
			isa = PBXCopyFilesBuildPhase;
			buildActionMask = 2147483647;
			dstPath = /usr/share/man/man1/;
			dstSubfolderSpec = 0;
			files = (
			);
			runOnlyForDeploymentPostprocessing = 1;
		};
/* End PBXCopyFilesBuildPhase section */

/* Begin PBXFileReference section */
		043DD9621CC76DD300AA504B /* NSArray练习 */ = {isa = PBXFileReference; explicitFileType = "compiled.mach-o.executable"; includeInIndex = 0; path = "NSArray练习"; sourceTree = BUILT_PRODUCTS_DIR; };
		043DD9651CC76DD300AA504B /* main.m */ = {isa = PBXFileReference; lastKnownFileType = sourcecode.c.objc; path = main.m; sourceTree = "<group>"; };
		043DD96C1CC76EE500AA504B /* LXDDog.h */ = {isa = PBXFileReference; fileEncoding = 4; lastKnownFileType = sourcecode.c.h; path = LXDDog.h; sourceTree = "<group>"; };
		043DD96D1CC76EE500AA504B /* LXDDog.m */ = {isa = PBXFileReference; fileEncoding = 4; lastKnownFileType = sourcecode.c.objc; path = LXDDog.m; sourceTree = "<group>"; };
		043DD96F1CC7785300AA504B /* LXDStudent.h */ = {isa = PBXFileReference; fileEncoding = 4; lastKnownFileType = sourcecode.c.h; path = LXDStudent.h; sourceTree = "<group>"; };
		043DD9701CC7785300AA504B /* LXDStudent.m */ = {isa = PBXFileReference; fileEncoding = 4; lastKnownFileType = sourcecode.c.objc; path = LXDStudent.m; sourceTree = "<group>"; };
/* End PBXFileReference section */

/* Begin PBXFrameworksBuildPhase section */
		043DD95F1CC76DD300AA504B /* Frameworks */ = {
			isa = PBXFrameworksBuildPhase;
			buildActionMask = 2147483647;
			files = (
			);
			runOnlyForDeploymentPostprocessing = 0;
		};
/* End PBXFrameworksBuildPhase section */

/* Begin PBXGroup section */
		043DD9591CC76DD300AA504B = {
			isa = PBXGroup;
			children = (
				043DD9641CC76DD300AA504B /* NSArray练习 */,
				043DD9631CC76DD300AA504B /* Products */,
			);
			sourceTree = "<group>";
		};
		043DD9631CC76DD300AA504B /* Products */ = {
			isa = PBXGroup;
			children = (
				043DD9621CC76DD300AA504B /* NSArray练习 */,
			);
			name = Products;
			sourceTree = "<group>";
		};
		043DD9641CC76DD300AA504B /* NSArray练习 */ = {
			isa = PBXGroup;
			children = (
				043DD9651CC76DD300AA504B /* main.m */,
				043DD96F1CC7785300AA504B /* LXDStudent.h */,
				043DD9701CC7785300AA504B /* LXDStudent.m */,
				043DD96C1CC76EE500AA504B /* LXDDog.h */,
				043DD96D1CC76EE500AA504B /* LXDDog.m */,
			);
			path = "NSArray练习";
			sourceTree = "<group>";
		};
/* End PBXGroup section */

/* Begin PBXNativeTarget section */
		043DD9611CC76DD300AA504B /* NSArray练习 */ = {
			isa = PBXNativeTarget;
			buildConfigurationList = 043DD9691CC76DD300AA504B /* Build configuration list for PBXNativeTarget "NSArray练习" */;
			buildPhases = (
				043DD95E1CC76DD300AA504B /* Sources */,
				043DD95F1CC76DD300AA504B /* Frameworks */,
				043DD9601CC76DD300AA504B /* CopyFiles */,
			);
			buildRules = (
			);
			dependencies = (
			);
			name = "NSArray练习";
			productName = "NSArray练习";
			productReference = 043DD9621CC76DD300AA504B /* NSArray练习 */;
			productType = "com.apple.product-type.tool";
		};
/* End PBXNativeTarget section */

/* Begin PBXProject section */
		043DD95A1CC76DD300AA504B /* Project object */ = {
			isa = PBXProject;
			attributes = {
				LastUpgradeCheck = 0720;
				ORGANIZATIONNAME = mac;
				TargetAttributes = {
					043DD9611CC76DD300AA504B = {
						CreatedOnToolsVersion = 7.2;
					};
				};
			};
			buildConfigurationList = 043DD95D1CC76DD300AA504B /* Build configuration list for PBXProject "NSArray练习" */;
			compatibilityVersion = "Xcode 3.2";
			developmentRegion = English;
			hasScannedForEncodings = 0;
			knownRegions = (
				en,
			);
			mainGroup = 043DD9591CC76DD300AA504B;
			productRefGroup = 043DD9631CC76DD300AA504B /* Products */;
			projectDirPath = "";
			projectRoot = "";
			targets = (
				043DD9611CC76DD300AA504B /* NSArray练习 */,
			);
		};
/* End PBXProject section */

/* Begin PBXSourcesBuildPhase section */
		043DD95E1CC76DD300AA504B /* Sources */ = {
			isa = PBXSourcesBuildPhase;
			buildActionMask = 2147483647;
			files = (
				043DD9711CC7785300AA504B /* LXDStudent.m in Sources */,
				043DD9661CC76DD300AA504B /* main.m in Sources */,
				043DD96E1CC76EE500AA504B /* LXDDog.m in Sources */,
			);
			runOnlyForDeploymentPostprocessing = 0;
		};
/* End PBXSourcesBuildPhase section */

/* Begin XCBuildConfiguration section */
		043DD9671CC76DD300AA504B /* Debug */ = {
			isa = XCBuildConfiguration;
			buildSettings = {
				ALWAYS_SEARCH_USER_PATHS = NO;
				CLANG_CXX_LANGUAGE_STANDARD = "gnu++0x";
				CLANG_CXX_LIBRARY = "libc++";
				CLANG_ENABLE_MODULES = YES;
				CLANG_ENABLE_OBJC_ARC = YES;
				CLANG_WARN_BOOL_CONVERSION = YES;
				CLANG_WARN_CONSTANT_CONVERSION = YES;
				CLANG_WARN_DIRECT_OBJC_ISA_USAGE = YES_ERROR;
				CLANG_WARN_EMPTY_BODY = YES;
				CLANG_WARN_ENUM_CONVERSION = YES;
				CLANG_WARN_INT_CONVERSION = YES;
				CLANG_WARN_OBJC_ROOT_CLASS = YES_ERROR;
				CLANG_WARN_UNREACHABLE_CODE = YES;
				CLANG_WARN__DUPLICATE_METHOD_MATCH = YES;
				CODE_SIGN_IDENTITY = "-";
				COPY_PHASE_STRIP = NO;
				DEBUG_INFORMATION_FORMAT = dwarf;
				ENABLE_STRICT_OBJC_MSGSEND = YES;
				ENABLE_TESTABILITY = YES;
				GCC_C_LANGUAGE_STANDARD = gnu99;
				GCC_DYNAMIC_NO_PIC = NO;
				GCC_NO_COMMON_BLOCKS = YES;
				GCC_OPTIMIZATION_LEVEL = 0;
				GCC_PREPROCESSOR_DEFINITIONS = (
					"DEBUG=1",
					"$(inherited)",
				);
				GCC_WARN_64_TO_32_BIT_CONVERSION = YES;
				GCC_WARN_ABOUT_RETURN_TYPE = YES_ERROR;
				GCC_WARN_UNDECLARED_SELECTOR = YES;
				GCC_WARN_UNINITIALIZED_AUTOS = YES_AGGRESSIVE;
				GCC_WARN_UNUSED_FUNCTION = YES;
				GCC_WARN_UNUSED_VARIABLE = YES;
				MACOSX_DEPLOYMENT_TARGET = 10.10;
				MTL_ENABLE_DEBUG_INFO = YES;
				ONLY_ACTIVE_ARCH = YES;
				SDKROOT = macosx;
			};
			name = Debug;
		};
		043DD9681CC76DD300AA504B /* Release */ = {
			isa = XCBuildConfiguration;
			buildSettings = {
				ALWAYS_SEARCH_USER_PATHS = NO;
				CLANG_CXX_LANGUAGE_STANDARD = "gnu++0x";
				CLANG_CXX_LIBRARY = "libc++";
				CLANG_ENABLE_MODULES = YES;
				CLANG_ENABLE_OBJC_ARC = YES;
				CLANG_WARN_BOOL_CONVERSION = YES;
				CLANG_WARN_CONSTANT_CONVERSION = YES;
				CLANG_WARN_DIRECT_OBJC_ISA_USAGE = YES_ERROR;
				CLANG_WARN_EMPTY_BODY = YES;
				CLANG_WARN_ENUM_CONVERSION = YES;
				CLANG_WARN_INT_CONVERSION = YES;
				CLANG_WARN_OBJC_ROOT_CLASS = YES_ERROR;
				CLANG_WARN_UNREACHABLE_CODE = YES;
				CLANG_WARN__DUPLICATE_METHOD_MATCH = YES;
				CODE_SIGN_IDENTITY = "-";
				COPY_PHASE_STRIP = NO;
				DEBUG_INFORMATION_FORMAT = "dwarf-with-dsym";
				ENABLE_NS_ASSERTIONS = NO;
				ENABLE_STRICT_OBJC_MSGSEND = YES;
				GCC_C_LANGUAGE_STANDARD = gnu99;
				GCC_NO_COMMON_BLOCKS = YES;
				GCC_WARN_64_TO_32_BIT_CONVERSION = YES;
				GCC_WARN_ABOUT_RETURN_TYPE = YES_ERROR;
				GCC_WARN_UNDECLARED_SELECTOR = YES;
				GCC_WARN_UNINITIALIZED_AUTOS = YES_AGGRESSIVE;
				GCC_WARN_UNUSED_FUNCTION = YES;
				GCC_WARN_UNUSED_VARIABLE = YES;
				MACOSX_DEPLOYMENT_TARGET = 10.10;
				MTL_ENABLE_DEBUG_INFO = NO;
				SDKROOT = macosx;
			};
			name = Release;
		};
		043DD96A1CC76DD300AA504B /* Debug */ = {
			isa = XCBuildConfiguration;
			buildSettings = {
				PRODUCT_NAME = "$(TARGET_NAME)";
			};
			name = Debug;
		};
		043DD96B1CC76DD300AA504B /* Release */ = {
			isa = XCBuildConfiguration;
			buildSettings = {
				PRODUCT_NAME = "$(TARGET_NAME)";
			};
			name = Release;
		};
/* End XCBuildConfiguration section */

/* Begin XCConfigurationList section */
		043DD95D1CC76DD300AA504B /* Build configuration list for PBXProject "NSArray练习" */ = {
			isa = XCConfigurationList;
			buildConfigurations = (
				043DD9671CC76DD300AA504B /* Debug */,
				043DD9681CC76DD300AA504B /* Release */,
			);
			defaultConfigurationIsVisible = 0;
			defaultConfigurationName = Release;
		};
		043DD9691CC76DD300AA504B /* Build configuration list for PBXNativeTarget "NSArray练习" */ = {
			isa = XCConfigurationList;
			buildConfigurations = (
				043DD96A1CC76DD300AA504B /* Debug */,
				043DD96B1CC76DD300AA504B /* Release */,
			);
			defaultConfigurationIsVisible = 0;
		};
/* End XCConfigurationList section */
	};
	rootObject = 043DD95A1CC76DD300AA504B /* Project object */;
}
