// !$*UTF8*$!
{
	archiveVersion = 1;
	classes = {
	};
	objectVersion = 46;
	objects = {

/* Begin PBXBuildFile section */
		044953A81CC8C37A00B1CFFE /* main.m in Sources */ = {isa = PBXBuildFile; fileRef = 044953A71CC8C37A00B1CFFE /* main.m */; };
		044953B01CC8C38E00B1CFFE /* LRCParser.m in Sources */ = {isa = PBXBuildFile; fileRef = 044953AF1CC8C38E00B1CFFE /* LRCParser.m */; };
		044953B31CC8C42F00B1CFFE /* LRCItem.m in Sources */ = {isa = PBXBuildFile; fileRef = 044953B21CC8C42F00B1CFFE /* LRCItem.m */; };
/* End PBXBuildFile section */

/* Begin PBXCopyFilesBuildPhase section */
		044953A21CC8C37A00B1CFFE /* CopyFiles */ = {
			isa = PBXCopyFilesBuildPhase;
			buildActionMask = 2147483647;
			dstPath = /usr/share/man/man1/;
			dstSubfolderSpec = 0;
			files = (
			);
			runOnlyForDeploymentPostprocessing = 1;
		};
/* End PBXCopyFilesBuildPhase section */

/* Begin PBXFileReference section */
		044953A41CC8C37A00B1CFFE /* lyric parser */ = {isa = PBXFileReference; explicitFileType = "compiled.mach-o.executable"; includeInIndex = 0; path = "lyric parser"; sourceTree = BUILT_PRODUCTS_DIR; };
		044953A71CC8C37A00B1CFFE /* main.m */ = {isa = PBXFileReference; lastKnownFileType = sourcecode.c.objc; path = main.m; sourceTree = "<group>"; };
		044953AE1CC8C38E00B1CFFE /* LRCParser.h */ = {isa = PBXFileReference; fileEncoding = 4; lastKnownFileType = sourcecode.c.h; path = LRCParser.h; sourceTree = "<group>"; };
		044953AF1CC8C38E00B1CFFE /* LRCParser.m */ = {isa = PBXFileReference; fileEncoding = 4; lastKnownFileType = sourcecode.c.objc; path = LRCParser.m; sourceTree = "<group>"; };
		044953B11CC8C42F00B1CFFE /* LRCItem.h */ = {isa = PBXFileReference; fileEncoding = 4; lastKnownFileType = sourcecode.c.h; path = LRCItem.h; sourceTree = "<group>"; };
		044953B21CC8C42F00B1CFFE /* LRCItem.m */ = {isa = PBXFileReference; fileEncoding = 4; lastKnownFileType = sourcecode.c.objc; path = LRCItem.m; sourceTree = "<group>"; };
/* End PBXFileReference section */

/* Begin PBXFrameworksBuildPhase section */
		044953A11CC8C37A00B1CFFE /* Frameworks */ = {
			isa = PBXFrameworksBuildPhase;
			buildActionMask = 2147483647;
			files = (
			);
			runOnlyForDeploymentPostprocessing = 0;
		};
/* End PBXFrameworksBuildPhase section */

/* Begin PBXGroup section */
		0449539B1CC8C37A00B1CFFE = {
			isa = PBXGroup;
			children = (
				044953A61CC8C37A00B1CFFE /* lyric parser */,
				044953A51CC8C37A00B1CFFE /* Products */,
			);
			sourceTree = "<group>";
		};
		044953A51CC8C37A00B1CFFE /* Products */ = {
			isa = PBXGroup;
			children = (
				044953A41CC8C37A00B1CFFE /* lyric parser */,
			);
			name = Products;
			sourceTree = "<group>";
		};
		044953A61CC8C37A00B1CFFE /* lyric parser */ = {
			isa = PBXGroup;
			children = (
				044953A71CC8C37A00B1CFFE /* main.m */,
				044953B11CC8C42F00B1CFFE /* LRCItem.h */,
				044953B21CC8C42F00B1CFFE /* LRCItem.m */,
				044953AE1CC8C38E00B1CFFE /* LRCParser.h */,
				044953AF1CC8C38E00B1CFFE /* LRCParser.m */,
			);
			path = "lyric parser";
			sourceTree = "<group>";
		};
/* End PBXGroup section */

/* Begin PBXNativeTarget section */
		044953A31CC8C37A00B1CFFE /* lyric parser */ = {
			isa = PBXNativeTarget;
			buildConfigurationList = 044953AB1CC8C37A00B1CFFE /* Build configuration list for PBXNativeTarget "lyric parser" */;
			buildPhases = (
				044953A01CC8C37A00B1CFFE /* Sources */,
				044953A11CC8C37A00B1CFFE /* Frameworks */,
				044953A21CC8C37A00B1CFFE /* CopyFiles */,
			);
			buildRules = (
			);
			dependencies = (
			);
			name = "lyric parser";
			productName = "lyric parser";
			productReference = 044953A41CC8C37A00B1CFFE /* lyric parser */;
			productType = "com.apple.product-type.tool";
		};
/* End PBXNativeTarget section */

/* Begin PBXProject section */
		0449539C1CC8C37A00B1CFFE /* Project object */ = {
			isa = PBXProject;
			attributes = {
				LastUpgradeCheck = 0720;
				ORGANIZATIONNAME = mac;
				TargetAttributes = {
					044953A31CC8C37A00B1CFFE = {
						CreatedOnToolsVersion = 7.2;
					};
				};
			};
			buildConfigurationList = 0449539F1CC8C37A00B1CFFE /* Build configuration list for PBXProject "lyric parser" */;
			compatibilityVersion = "Xcode 3.2";
			developmentRegion = English;
			hasScannedForEncodings = 0;
			knownRegions = (
				en,
			);
			mainGroup = 0449539B1CC8C37A00B1CFFE;
			productRefGroup = 044953A51CC8C37A00B1CFFE /* Products */;
			projectDirPath = "";
			projectRoot = "";
			targets = (
				044953A31CC8C37A00B1CFFE /* lyric parser */,
			);
		};
/* End PBXProject section */

/* Begin PBXSourcesBuildPhase section */
		044953A01CC8C37A00B1CFFE /* Sources */ = {
			isa = PBXSourcesBuildPhase;
			buildActionMask = 2147483647;
			files = (
				044953B31CC8C42F00B1CFFE /* LRCItem.m in Sources */,
				044953B01CC8C38E00B1CFFE /* LRCParser.m in Sources */,
				044953A81CC8C37A00B1CFFE /* main.m in Sources */,
			);
			runOnlyForDeploymentPostprocessing = 0;
		};
/* End PBXSourcesBuildPhase section */

/* Begin XCBuildConfiguration section */
		044953A91CC8C37A00B1CFFE /* Debug */ = {
			isa = XCBuildConfiguration;
			buildSettings = {
				ALWAYS_SEARCH_USER_PATHS = NO;
				CLANG_CXX_LANGUAGE_STANDARD = "gnu++0x";
				CLANG_CXX_LIBRARY = "libc++";
				CLANG_ENABLE_MODULES = YES;
				CLANG_ENABLE_OBJC_ARC = YES;
				CLANG_WARN_BOOL_CONVERSION = YES;
				CLANG_WARN_CONSTANT_CONVERSION = YES;
				CLANG_WARN_DIRECT_OBJC_ISA_USAGE = YES_ERROR;
				CLANG_WARN_EMPTY_BODY = YES;
				CLANG_WARN_ENUM_CONVERSION = YES;
				CLANG_WARN_INT_CONVERSION = YES;
				CLANG_WARN_OBJC_ROOT_CLASS = YES_ERROR;
				CLANG_WARN_UNREACHABLE_CODE = YES;
				CLANG_WARN__DUPLICATE_METHOD_MATCH = YES;
				CODE_SIGN_IDENTITY = "-";
				COPY_PHASE_STRIP = NO;
				DEBUG_INFORMATION_FORMAT = dwarf;
				ENABLE_STRICT_OBJC_MSGSEND = YES;
				ENABLE_TESTABILITY = YES;
				GCC_C_LANGUAGE_STANDARD = gnu99;
				GCC_DYNAMIC_NO_PIC = NO;
				GCC_NO_COMMON_BLOCKS = YES;
				GCC_OPTIMIZATION_LEVEL = 0;
				GCC_PREPROCESSOR_DEFINITIONS = (
					"DEBUG=1",
					"$(inherited)",
				);
				GCC_WARN_64_TO_32_BIT_CONVERSION = YES;
				GCC_WARN_ABOUT_RETURN_TYPE = YES_ERROR;
				GCC_WARN_UNDECLARED_SELECTOR = YES;
				GCC_WARN_UNINITIALIZED_AUTOS = YES_AGGRESSIVE;
				GCC_WARN_UNUSED_FUNCTION = YES;
				GCC_WARN_UNUSED_VARIABLE = YES;
				MACOSX_DEPLOYMENT_TARGET = 10.10;
				MTL_ENABLE_DEBUG_INFO = YES;
				ONLY_ACTIVE_ARCH = YES;
				SDKROOT = macosx;
			};
			name = Debug;
		};
		044953AA1CC8C37A00B1CFFE /* Release */ = {
			isa = XCBuildConfiguration;
			buildSettings = {
				ALWAYS_SEARCH_USER_PATHS = NO;
				CLANG_CXX_LANGUAGE_STANDARD = "gnu++0x";
				CLANG_CXX_LIBRARY = "libc++";
				CLANG_ENABLE_MODULES = YES;
				CLANG_ENABLE_OBJC_ARC = YES;
				CLANG_WARN_BOOL_CONVERSION = YES;
				CLANG_WARN_CONSTANT_CONVERSION = YES;
				CLANG_WARN_DIRECT_OBJC_ISA_USAGE = YES_ERROR;
				CLANG_WARN_EMPTY_BODY = YES;
				CLANG_WARN_ENUM_CONVERSION = YES;
				CLANG_WARN_INT_CONVERSION = YES;
				CLANG_WARN_OBJC_ROOT_CLASS = YES_ERROR;
				CLANG_WARN_UNREACHABLE_CODE = YES;
				CLANG_WARN__DUPLICATE_METHOD_MATCH = YES;
				CODE_SIGN_IDENTITY = "-";
				COPY_PHASE_STRIP = NO;
				DEBUG_INFORMATION_FORMAT = "dwarf-with-dsym";
				ENABLE_NS_ASSERTIONS = NO;
				ENABLE_STRICT_OBJC_MSGSEND = YES;
				GCC_C_LANGUAGE_STANDARD = gnu99;
				GCC_NO_COMMON_BLOCKS = YES;
				GCC_WARN_64_TO_32_BIT_CONVERSION = YES;
				GCC_WARN_ABOUT_RETURN_TYPE = YES_ERROR;
				GCC_WARN_UNDECLARED_SELECTOR = YES;
				GCC_WARN_UNINITIALIZED_AUTOS = YES_AGGRESSIVE;
				GCC_WARN_UNUSED_FUNCTION = YES;
				GCC_WARN_UNUSED_VARIABLE = YES;
				MACOSX_DEPLOYMENT_TARGET = 10.10;
				MTL_ENABLE_DEBUG_INFO = NO;
				SDKROOT = macosx;
			};
			name = Release;
		};
		044953AC1CC8C37A00B1CFFE /* Debug */ = {
			isa = XCBuildConfiguration;
			buildSettings = {
				PRODUCT_NAME = "$(TARGET_NAME)";
			};
			name = Debug;
		};
		044953AD1CC8C37A00B1CFFE /* Release */ = {
			isa = XCBuildConfiguration;
			buildSettings = {
				PRODUCT_NAME = "$(TARGET_NAME)";
			};
			name = Release;
		};
/* End XCBuildConfiguration section */

/* Begin XCConfigurationList section */
		0449539F1CC8C37A00B1CFFE /* Build configuration list for PBXProject "lyric parser" */ = {
			isa = XCConfigurationList;
			buildConfigurations = (
				044953A91CC8C37A00B1CFFE /* Debug */,
				044953AA1CC8C37A00B1CFFE /* Release */,
			);
			defaultConfigurationIsVisible = 0;
			defaultConfigurationName = Release;
		};
		044953AB1CC8C37A00B1CFFE /* Build configuration list for PBXNativeTarget "lyric parser" */ = {
			isa = XCConfigurationList;
			buildConfigurations = (
				044953AC1CC8C37A00B1CFFE /* Debug */,
				044953AD1CC8C37A00B1CFFE /* Release */,
			);
			defaultConfigurationIsVisible = 0;
		};
/* End XCConfigurationList section */
	};
	rootObject = 0449539C1CC8C37A00B1CFFE /* Project object */;
}
